
Microsoft Visual Studio Solution File, Format Version 12.00
# Visual Studio Version 16
VisualStudioVersion = 16.0.32002.261
MinimumVisualStudioVersion = 10.0.40219.1
Project("{FAE04EC0-301F-11D3-BF4B-00C04F79EFBC}") = "SipleCalculator", "SipleCalculator\SipleCalculator.csproj", "{0F03E920-A138-4079-915E-F4087040E539}"
EndProject
Global
	GlobalSection(SolutionConfigurationPlatforms) = preSolution
		Debug|Any CPU = Debug|Any CPU
		Release|Any CPU = Release|Any CPU
	EndGlobalSection
	GlobalSection(ProjectConfigurationPlatforms) = postSolution
		{0F03E920-A138-4079-915E-F4087040E539}.Debug|Any CPU.ActiveCfg = Debug|Any CPU
		{0F03E920-A138-4079-915E-F4087040E539}.Debug|Any CPU.Build.0 = Debug|Any CPU
		{0F03E920-A138-4079-915E-F4087040E539}.Release|Any CPU.ActiveCfg = Release|Any CPU
		{0F03E920-A138-4079-915E-F4087040E539}.Release|Any CPU.Build.0 = Release|Any CPU
	EndGlobalSection
	GlobalSection(SolutionProperties) = preSolution
		HideSolutionNode = FALSE
	EndGlobalSection
	GlobalSection(ExtensibilityGlobals) = postSolution
		SolutionGuid = {56BEBAEC-6FD7-4C97-9D31-C50B34C6BB7E}
	EndGlobalSection
EndGlobal
